// !$*UTF8*$!
{
	archiveVersion = 1;
	classes = {
	};
	objectVersion = 46;
	objects = {

/* Begin PBXBuildFile section */
		31EE2B681D2CB6CB00273E36 /* AppDelegate.swift in Sources */ = {isa = PBXBuildFile; fileRef = 31EE2B671D2CB6CB00273E36 /* AppDelegate.swift */; };
		31EE2B6A1D2CB6CB00273E36 /* ViewController.swift in Sources */ = {isa = PBXBuildFile; fileRef = 31EE2B691D2CB6CB00273E36 /* ViewController.swift */; };
		31EE2B6D1D2CB6CB00273E36 /* Main.storyboard in Resources */ = {isa = PBXBuildFile; fileRef = 31EE2B6B1D2CB6CB00273E36 /* Main.storyboard */; };
		31EE2B6F1D2CB6CB00273E36 /* Assets.xcassets in Resources */ = {isa = PBXBuildFile; fileRef = 31EE2B6E1D2CB6CB00273E36 /* Assets.xcassets */; };
		31EE2B721D2CB6CB00273E36 /* LaunchScreen.storyboard in Resources */ = {isa = PBXBuildFile; fileRef = 31EE2B701D2CB6CB00273E36 /* LaunchScreen.storyboard */; };
		31EE2B7D1D2CB6CB00273E36 /* BRTableViewAnimationTests.swift in Sources */ = {isa = PBXBuildFile; fileRef = 31EE2B7C1D2CB6CB00273E36 /* BRTableViewAnimationTests.swift */; };
		31EE2B881D2CB6CB00273E36 /* BRTableViewAnimationUITests.swift in Sources */ = {isa = PBXBuildFile; fileRef = 31EE2B871D2CB6CB00273E36 /* BRTableViewAnimationUITests.swift */; };
/* End PBXBuildFile section */

/* Begin PBXContainerItemProxy section */
		31EE2B791D2CB6CB00273E36 /* PBXContainerItemProxy */ = {
			isa = PBXContainerItemProxy;
			containerPortal = 31EE2B5C1D2CB6CB00273E36 /* Project object */;
			proxyType = 1;
			remoteGlobalIDString = 31EE2B631D2CB6CB00273E36;
			remoteInfo = BRTableViewAnimation;
		};
		31EE2B841D2CB6CB00273E36 /* PBXContainerItemProxy */ = {
			isa = PBXContainerItemProxy;
			containerPortal = 31EE2B5C1D2CB6CB00273E36 /* Project object */;
			proxyType = 1;
			remoteGlobalIDString = 31EE2B631D2CB6CB00273E36;
			remoteInfo = BRTableViewAnimation;
		};
/* End PBXContainerItemProxy section */

/* Begin PBXFileReference section */
		31EE2B641D2CB6CB00273E36 /* BRTableViewAnimation.app */ = {isa = PBXFileReference; explicitFileType = wrapper.application; includeInIndex = 0; path = BRTableViewAnimation.app; sourceTree = BUILT_PRODUCTS_DIR; };
		31EE2B671D2CB6CB00273E36 /* AppDelegate.swift */ = {isa = PBXFileReference; lastKnownFileType = sourcecode.swift; path = AppDelegate.swift; sourceTree = "<group>"; };
		31EE2B691D2CB6CB00273E36 /* ViewController.swift */ = {isa = PBXFileReference; lastKnownFileType = sourcecode.swift; path = ViewController.swift; sourceTree = "<group>"; };
		31EE2B6C1D2CB6CB00273E36 /* Base */ = {isa = PBXFileReference; lastKnownFileType = file.storyboard; name = Base; path = Base.lproj/Main.storyboard; sourceTree = "<group>"; };
		31EE2B6E1D2CB6CB00273E36 /* Assets.xcassets */ = {isa = PBXFileReference; lastKnownFileType = folder.assetcatalog; path = Assets.xcassets; sourceTree = "<group>"; };
		31EE2B711D2CB6CB00273E36 /* Base */ = {isa = PBXFileReference; lastKnownFileType = file.storyboard; name = Base; path = Base.lproj/LaunchScreen.storyboard; sourceTree = "<group>"; };
		31EE2B731D2CB6CB00273E36 /* Info.plist */ = {isa = PBXFileReference; lastKnownFileType = text.plist.xml; path = Info.plist; sourceTree = "<group>"; };
		31EE2B781D2CB6CB00273E36 /* BRTableViewAnimationTests.xctest */ = {isa = PBXFileReference; explicitFileType = wrapper.cfbundle; includeInIndex = 0; path = BRTableViewAnimationTests.xctest; sourceTree = BUILT_PRODUCTS_DIR; };
		31EE2B7C1D2CB6CB00273E36 /* BRTableViewAnimationTests.swift */ = {isa = PBXFileReference; lastKnownFileType = sourcecode.swift; path = BRTableViewAnimationTests.swift; sourceTree = "<group>"; };
		31EE2B7E1D2CB6CB00273E36 /* Info.plist */ = {isa = PBXFileReference; lastKnownFileType = text.plist.xml; path = Info.plist; sourceTree = "<group>"; };
		31EE2B831D2CB6CB00273E36 /* BRTableViewAnimationUITests.xctest */ = {isa = PBXFileReference; explicitFileType = wrapper.cfbundle; includeInIndex = 0; path = BRTableViewAnimationUITests.xctest; sourceTree = BUILT_PRODUCTS_DIR; };
		31EE2B871D2CB6CB00273E36 /* BRTableViewAnimationUITests.swift */ = {isa = PBXFileReference; lastKnownFileType = sourcecode.swift; path = BRTableViewAnimationUITests.swift; sourceTree = "<group>"; };
		31EE2B891D2CB6CB00273E36 /* Info.plist */ = {isa = PBXFileReference; lastKnownFileType = text.plist.xml; path = Info.plist; sourceTree = "<group>"; };
/* End PBXFileReference section */

/* Begin PBXFrameworksBuildPhase section */
		31EE2B611D2CB6CB00273E36 /* Frameworks */ = {
			isa = PBXFrameworksBuildPhase;
			buildActionMask = 2147483647;
			files = (
			);
			runOnlyForDeploymentPostprocessing = 0;
		};
		31EE2B751D2CB6CB00273E36 /* Frameworks */ = {
			isa = PBXFrameworksBuildPhase;
			buildActionMask = 2147483647;
			files = (
			);
			runOnlyForDeploymentPostprocessing = 0;
		};
		31EE2B801D2CB6CB00273E36 /* Frameworks */ = {
			isa = PBXFrameworksBuildPhase;
			buildActionMask = 2147483647;
			files = (
			);
			runOnlyForDeploymentPostprocessing = 0;
		};
/* End PBXFrameworksBuildPhase section */

/* Begin PBXGroup section */
		31EE2B5B1D2CB6CB00273E36 = {
			isa = PBXGroup;
			children = (
				31EE2B661D2CB6CB00273E36 /* BRTableViewAnimation */,
				31EE2B7B1D2CB6CB00273E36 /* BRTableViewAnimationTests */,
				31EE2B861D2CB6CB00273E36 /* BRTableViewAnimationUITests */,
				31EE2B651D2CB6CB00273E36 /* Products */,
			);
			sourceTree = "<group>";
		};
		31EE2B651D2CB6CB00273E36 /* Products */ = {
			isa = PBXGroup;
			children = (
				31EE2B641D2CB6CB00273E36 /* BRTableViewAnimation.app */,
				31EE2B781D2CB6CB00273E36 /* BRTableViewAnimationTests.xctest */,
				31EE2B831D2CB6CB00273E36 /* BRTableViewAnimationUITests.xctest */,
			);
			name = Products;
			sourceTree = "<group>";
		};
		31EE2B661D2CB6CB00273E36 /* BRTableViewAnimation */ = {
			isa = PBXGroup;
			children = (
				31EE2B671D2CB6CB00273E36 /* AppDelegate.swift */,
				31EE2B691D2CB6CB00273E36 /* ViewController.swift */,
				31EE2B6B1D2CB6CB00273E36 /* Main.storyboard */,
				31EE2B6E1D2CB6CB00273E36 /* Assets.xcassets */,
				31EE2B701D2CB6CB00273E36 /* LaunchScreen.storyboard */,
				31EE2B731D2CB6CB00273E36 /* Info.plist */,
			);
			path = BRTableViewAnimation;
			sourceTree = "<group>";
		};
		31EE2B7B1D2CB6CB00273E36 /* BRTableViewAnimationTests */ = {
			isa = PBXGroup;
			children = (
				31EE2B7C1D2CB6CB00273E36 /* BRTableViewAnimationTests.swift */,
				31EE2B7E1D2CB6CB00273E36 /* Info.plist */,
			);
			path = BRTableViewAnimationTests;
			sourceTree = "<group>";
		};
		31EE2B861D2CB6CB00273E36 /* BRTableViewAnimationUITests */ = {
			isa = PBXGroup;
			children = (
				31EE2B871D2CB6CB00273E36 /* BRTableViewAnimationUITests.swift */,
				31EE2B891D2CB6CB00273E36 /* Info.plist */,
			);
			path = BRTableViewAnimationUITests;
			sourceTree = "<group>";
		};
/* End PBXGroup section */

/* Begin PBXNativeTarget section */
		31EE2B631D2CB6CB00273E36 /* BRTableViewAnimation */ = {
			isa = PBXNativeTarget;
			buildConfigurationList = 31EE2B8C1D2CB6CB00273E36 /* Build configuration list for PBXNativeTarget "BRTableViewAnimation" */;
			buildPhases = (
				31EE2B601D2CB6CB00273E36 /* Sources */,
				31EE2B611D2CB6CB00273E36 /* Frameworks */,
				31EE2B621D2CB6CB00273E36 /* Resources */,
			);
			buildRules = (
			);
			dependencies = (
			);
			name = BRTableViewAnimation;
			productName = BRTableViewAnimation;
			productReference = 31EE2B641D2CB6CB00273E36 /* BRTableViewAnimation.app */;
			productType = "com.apple.product-type.application";
		};
		31EE2B771D2CB6CB00273E36 /* BRTableViewAnimationTests */ = {
			isa = PBXNativeTarget;
			buildConfigurationList = 31EE2B8F1D2CB6CB00273E36 /* Build configuration list for PBXNativeTarget "BRTableViewAnimationTests" */;
			buildPhases = (
				31EE2B741D2CB6CB00273E36 /* Sources */,
				31EE2B751D2CB6CB00273E36 /* Frameworks */,
				31EE2B761D2CB6CB00273E36 /* Resources */,
			);
			buildRules = (
			);
			dependencies = (
				31EE2B7A1D2CB6CB00273E36 /* PBXTargetDependency */,
			);
			name = BRTableViewAnimationTests;
			productName = BRTableViewAnimationTests;
			productReference = 31EE2B781D2CB6CB00273E36 /* BRTableViewAnimationTests.xctest */;
			productType = "com.apple.product-type.bundle.unit-test";
		};
		31EE2B821D2CB6CB00273E36 /* BRTableViewAnimationUITests */ = {
			isa = PBXNativeTarget;
			buildConfigurationList = 31EE2B921D2CB6CB00273E36 /* Build configuration list for PBXNativeTarget "BRTableViewAnimationUITests" */;
			buildPhases = (
				31EE2B7F1D2CB6CB00273E36 /* Sources */,
				31EE2B801D2CB6CB00273E36 /* Frameworks */,
				31EE2B811D2CB6CB00273E36 /* Resources */,
			);
			buildRules = (
			);
			dependencies = (
				31EE2B851D2CB6CB00273E36 /* PBXTargetDependency */,
			);
			name = BRTableViewAnimationUITests;
			productName = BRTableViewAnimationUITests;
			productReference = 31EE2B831D2CB6CB00273E36 /* BRTableViewAnimationUITests.xctest */;
			productType = "com.apple.product-type.bundle.ui-testing";
		};
/* End PBXNativeTarget section */

/* Begin PBXProject section */
		31EE2B5C1D2CB6CB00273E36 /* Project object */ = {
			isa = PBXProject;
			attributes = {
				LastSwiftUpdateCheck = 0730;
				LastUpgradeCheck = 0730;
				ORGANIZATIONNAME = "白海瑞";
				TargetAttributes = {
					31EE2B631D2CB6CB00273E36 = {
						CreatedOnToolsVersion = 7.3.1;
					};
					31EE2B771D2CB6CB00273E36 = {
						CreatedOnToolsVersion = 7.3.1;
						TestTargetID = 31EE2B631D2CB6CB00273E36;
					};
					31EE2B821D2CB6CB00273E36 = {
						CreatedOnToolsVersion = 7.3.1;
						TestTargetID = 31EE2B631D2CB6CB00273E36;
					};
				};
			};
			buildConfigurationList = 31EE2B5F1D2CB6CB00273E36 /* Build configuration list for PBXProject "BRTableViewAnimation" */;
			compatibilityVersion = "Xcode 3.2";
			developmentRegion = English;
			hasScannedForEncodings = 0;
			knownRegions = (
				en,
				Base,
			);
			mainGroup = 31EE2B5B1D2CB6CB00273E36;
			productRefGroup = 31EE2B651D2CB6CB00273E36 /* Products */;
			projectDirPath = "";
			projectRoot = "";
			targets = (
				31EE2B631D2CB6CB00273E36 /* BRTableViewAnimation */,
				31EE2B771D2CB6CB00273E36 /* BRTableViewAnimationTests */,
				31EE2B821D2CB6CB00273E36 /* BRTableViewAnimationUITests */,
			);
		};
/* End PBXProject section */

/* Begin PBXResourcesBuildPhase section */
		31EE2B621D2CB6CB00273E36 /* Resources */ = {
			isa = PBXResourcesBuildPhase;
			buildActionMask = 2147483647;
			files = (
				31EE2B721D2CB6CB00273E36 /* LaunchScreen.storyboard in Resources */,
				31EE2B6F1D2CB6CB00273E36 /* Assets.xcassets in Resources */,
				31EE2B6D1D2CB6CB00273E36 /* Main.storyboard in Resources */,
			);
			runOnlyForDeploymentPostprocessing = 0;
		};
		31EE2B761D2CB6CB00273E36 /* Resources */ = {
			isa = PBXResourcesBuildPhase;
			buildActionMask = 2147483647;
			files = (
			);
			runOnlyForDeploymentPostprocessing = 0;
		};
		31EE2B811D2CB6CB00273E36 /* Resources */ = {
			isa = PBXResourcesBuildPhase;
			buildActionMask = 2147483647;
			files = (
			);
			runOnlyForDeploymentPostprocessing = 0;
		};
/* End PBXResourcesBuildPhase section */

/* Begin PBXSourcesBuildPhase section */
		31EE2B601D2CB6CB00273E36 /* Sources */ = {
			isa = PBXSourcesBuildPhase;
			buildActionMask = 2147483647;
			files = (
				31EE2B6A1D2CB6CB00273E36 /* ViewController.swift in Sources */,
				31EE2B681D2CB6CB00273E36 /* AppDelegate.swift in Sources */,
			);
			runOnlyForDeploymentPostprocessing = 0;
		};
		31EE2B741D2CB6CB00273E36 /* Sources */ = {
			isa = PBXSourcesBuildPhase;
			buildActionMask = 2147483647;
			files = (
				31EE2B7D1D2CB6CB00273E36 /* BRTableViewAnimationTests.swift in Sources */,
			);
			runOnlyForDeploymentPostprocessing = 0;
		};
		31EE2B7F1D2CB6CB00273E36 /* Sources */ = {
			isa = PBXSourcesBuildPhase;
			buildActionMask = 2147483647;
			files = (
				31EE2B881D2CB6CB00273E36 /* BRTableViewAnimationUITests.swift in Sources */,
			);
			runOnlyForDeploymentPostprocessing = 0;
		};
/* End PBXSourcesBuildPhase section */

/* Begin PBXTargetDependency section */
		31EE2B7A1D2CB6CB00273E36 /* PBXTargetDependency */ = {
			isa = PBXTargetDependency;
			target = 31EE2B631D2CB6CB00273E36 /* BRTableViewAnimation */;
			targetProxy = 31EE2B791D2CB6CB00273E36 /* PBXContainerItemProxy */;
		};
		31EE2B851D2CB6CB00273E36 /* PBXTargetDependency */ = {
			isa = PBXTargetDependency;
			target = 31EE2B631D2CB6CB00273E36 /* BRTableViewAnimation */;
			targetProxy = 31EE2B841D2CB6CB00273E36 /* PBXContainerItemProxy */;
		};
/* End PBXTargetDependency section */

/* Begin PBXVariantGroup section */
		31EE2B6B1D2CB6CB00273E36 /* Main.storyboard */ = {
			isa = PBXVariantGroup;
			children = (
				31EE2B6C1D2CB6CB00273E36 /* Base */,
			);
			name = Main.storyboard;
			sourceTree = "<group>";
		};
		31EE2B701D2CB6CB00273E36 /* LaunchScreen.storyboard */ = {
			isa = PBXVariantGroup;
			children = (
				31EE2B711D2CB6CB00273E36 /* Base */,
			);
			name = LaunchScreen.storyboard;
			sourceTree = "<group>";
		};
/* End PBXVariantGroup section */

/* Begin XCBuildConfiguration section */
		31EE2B8A1D2CB6CB00273E36 /* Debug */ = {
			isa = XCBuildConfiguration;
			buildSettings = {
				ALWAYS_SEARCH_USER_PATHS = NO;
				CLANG_ANALYZER_NONNULL = YES;
				CLANG_CXX_LANGUAGE_STANDARD = "gnu++0x";
				CLANG_CXX_LIBRARY = "libc++";
				CLANG_ENABLE_MODULES = YES;
				CLANG_ENABLE_OBJC_ARC = YES;
				CLANG_WARN_BOOL_CONVERSION = YES;
				CLANG_WARN_CONSTANT_CONVERSION = YES;
				CLANG_WARN_DIRECT_OBJC_ISA_USAGE = YES_ERROR;
				CLANG_WARN_EMPTY_BODY = YES;
				CLANG_WARN_ENUM_CONVERSION = YES;
				CLANG_WARN_INT_CONVERSION = YES;
				CLANG_WARN_OBJC_ROOT_CLASS = YES_ERROR;
				CLANG_WARN_UNREACHABLE_CODE = YES;
				CLANG_WARN__DUPLICATE_METHOD_MATCH = YES;
				"CODE_SIGN_IDENTITY[sdk=iphoneos*]" = "iPhone Developer";
				COPY_PHASE_STRIP = NO;
				DEBUG_INFORMATION_FORMAT = dwarf;
				ENABLE_STRICT_OBJC_MSGSEND = YES;
				ENABLE_TESTABILITY = YES;
				GCC_C_LANGUAGE_STANDARD = gnu99;
				GCC_DYNAMIC_NO_PIC = NO;
				GCC_NO_COMMON_BLOCKS = YES;
				GCC_OPTIMIZATION_LEVEL = 0;
				GCC_PREPROCESSOR_DEFINITIONS = (
					"DEBUG=1",
					"$(inherited)",
				);
				GCC_WARN_64_TO_32_BIT_CONVERSION = YES;
				GCC_WARN_ABOUT_RETURN_TYPE = YES_ERROR;
				GCC_WARN_UNDECLARED_SELECTOR = YES;
				GCC_WARN_UNINITIALIZED_AUTOS = YES_AGGRESSIVE;
				GCC_WARN_UNUSED_FUNCTION = YES;
				GCC_WARN_UNUSED_VARIABLE = YES;
				IPHONEOS_DEPLOYMENT_TARGET = 9.3;
				MTL_ENABLE_DEBUG_INFO = YES;
				ONLY_ACTIVE_ARCH = YES;
				SDKROOT = iphoneos;
				SWIFT_OPTIMIZATION_LEVEL = "-Onone";
			};
			name = Debug;
		};
		31EE2B8B1D2CB6CB00273E36 /* Release */ = {
			isa = XCBuildConfiguration;
			buildSettings = {
				ALWAYS_SEARCH_USER_PATHS = NO;
				CLANG_ANALYZER_NONNULL = YES;
				CLANG_CXX_LANGUAGE_STANDARD = "gnu++0x";
				CLANG_CXX_LIBRARY = "libc++";
				CLANG_ENABLE_MODULES = YES;
				CLANG_ENABLE_OBJC_ARC = YES;
				CLANG_WARN_BOOL_CONVERSION = YES;
				CLANG_WARN_CONSTANT_CONVERSION = YES;
				CLANG_WARN_DIRECT_OBJC_ISA_USAGE = YES_ERROR;
				CLANG_WARN_EMPTY_BODY = YES;
				CLANG_WARN_ENUM_CONVERSION = YES;
				CLANG_WARN_INT_CONVERSION = YES;
				CLANG_WARN_OBJC_ROOT_CLASS = YES_ERROR;
				CLANG_WARN_UNREACHABLE_CODE = YES;
				CLANG_WARN__DUPLICATE_METHOD_MATCH = YES;
				"CODE_SIGN_IDENTITY[sdk=iphoneos*]" = "iPhone Developer";
				COPY_PHASE_STRIP = NO;
				DEBUG_INFORMATION_FORMAT = "dwarf-with-dsym";
				ENABLE_NS_ASSERTIONS = NO;
				ENABLE_STRICT_OBJC_MSGSEND = YES;
				GCC_C_LANGUAGE_STANDARD = gnu99;
				GCC_NO_COMMON_BLOCKS = YES;
				GCC_WARN_64_TO_32_BIT_CONVERSION = YES;
				GCC_WARN_ABOUT_RETURN_TYPE = YES_ERROR;
				GCC_WARN_UNDECLARED_SELECTOR = YES;
				GCC_WARN_UNINITIALIZED_AUTOS = YES_AGGRESSIVE;
				GCC_WARN_UNUSED_FUNCTION = YES;
				GCC_WARN_UNUSED_VARIABLE = YES;
				IPHONEOS_DEPLOYMENT_TARGET = 9.3;
				MTL_ENABLE_DEBUG_INFO = NO;
				SDKROOT = iphoneos;
				VALIDATE_PRODUCT = YES;
			};
			name = Release;
		};
		31EE2B8D1D2CB6CB00273E36 /* Debug */ = {
			isa = XCBuildConfiguration;
			buildSettings = {
				ASSETCATALOG_COMPILER_APPICON_NAME = AppIcon;
				INFOPLIST_FILE = BRTableViewAnimation/Info.plist;
				LD_RUNPATH_SEARCH_PATHS = "$(inherited) @executable_path/Frameworks";
				PRODUCT_BUNDLE_IDENTIFIER = mac.BRTableViewAnimation;
				PRODUCT_NAME = "$(TARGET_NAME)";
			};
			name = Debug;
		};
		31EE2B8E1D2CB6CB00273E36 /* Release */ = {
			isa = XCBuildConfiguration;
			buildSettings = {
				ASSETCATALOG_COMPILER_APPICON_NAME = AppIcon;
				INFOPLIST_FILE = BRTableViewAnimation/Info.plist;
				LD_RUNPATH_SEARCH_PATHS = "$(inherited) @executable_path/Frameworks";
				PRODUCT_BUNDLE_IDENTIFIER = mac.BRTableViewAnimation;
				PRODUCT_NAME = "$(TARGET_NAME)";
			};
			name = Release;
		};
		31EE2B901D2CB6CB00273E36 /* Debug */ = {
			isa = XCBuildConfiguration;
			buildSettings = {
				BUNDLE_LOADER = "$(TEST_HOST)";
				INFOPLIST_FILE = BRTableViewAnimationTests/Info.plist;
				LD_RUNPATH_SEARCH_PATHS = "$(inherited) @executable_path/Frameworks @loader_path/Frameworks";
				PRODUCT_BUNDLE_IDENTIFIER = mac.BRTableViewAnimationTests;
				PRODUCT_NAME = "$(TARGET_NAME)";
				TEST_HOST = "$(BUILT_PRODUCTS_DIR)/BRTableViewAnimation.app/BRTableViewAnimation";
			};
			name = Debug;
		};
		31EE2B911D2CB6CB00273E36 /* Release */ = {
			isa = XCBuildConfiguration;
			buildSettings = {
				BUNDLE_LOADER = "$(TEST_HOST)";
				INFOPLIST_FILE = BRTableViewAnimationTests/Info.plist;
				LD_RUNPATH_SEARCH_PATHS = "$(inherited) @executable_path/Frameworks @loader_path/Frameworks";
				PRODUCT_BUNDLE_IDENTIFIER = mac.BRTableViewAnimationTests;
				PRODUCT_NAME = "$(TARGET_NAME)";
				TEST_HOST = "$(BUILT_PRODUCTS_DIR)/BRTableViewAnimation.app/BRTableViewAnimation";
			};
			name = Release;
		};
		31EE2B931D2CB6CB00273E36 /* Debug */ = {
			isa = XCBuildConfiguration;
			buildSettings = {
				INFOPLIST_FILE = BRTableViewAnimationUITests/Info.plist;
				LD_RUNPATH_SEARCH_PATHS = "$(inherited) @executable_path/Frameworks @loader_path/Frameworks";
				PRODUCT_BUNDLE_IDENTIFIER = mac.BRTableViewAnimationUITests;
				PRODUCT_NAME = "$(TARGET_NAME)";
				TEST_TARGET_NAME = BRTableViewAnimation;
			};
			name = Debug;
		};
		31EE2B941D2CB6CB00273E36 /* Release */ = {
			isa = XCBuildConfiguration;
			buildSettings = {
				INFOPLIST_FILE = BRTableViewAnimationUITests/Info.plist;
				LD_RUNPATH_SEARCH_PATHS = "$(inherited) @executable_path/Frameworks @loader_path/Frameworks";
				PRODUCT_BUNDLE_IDENTIFIER = mac.BRTableViewAnimationUITests;
				PRODUCT_NAME = "$(TARGET_NAME)";
				TEST_TARGET_NAME = BRTableViewAnimation;
			};
			name = Release;
		};
/* End XCBuildConfiguration section */

/* Begin XCConfigurationList section */
		31EE2B5F1D2CB6CB00273E36 /* Build configuration list for PBXProject "BRTableViewAnimation" */ = {
			isa = XCConfigurationList;
			buildConfigurations = (
				31EE2B8A1D2CB6CB00273E36 /* Debug */,
				31EE2B8B1D2CB6CB00273E36 /* Release */,
			);
			defaultConfigurationIsVisible = 0;
			defaultConfigurationName = Release;
		};
		31EE2B8C1D2CB6CB00273E36 /* Build configuration list for PBXNativeTarget "BRTableViewAnimation" */ = {
			isa = XCConfigurationList;
			buildConfigurations = (
				31EE2B8D1D2CB6CB00273E36 /* Debug */,
				31EE2B8E1D2CB6CB00273E36 /* Release */,
			);
			defaultConfigurationIsVisible = 0;
		};
		31EE2B8F1D2CB6CB00273E36 /* Build configuration list for PBXNativeTarget "BRTableViewAnimationTests" */ = {
			isa = XCConfigurationList;
			buildConfigurations = (
				31EE2B901D2CB6CB00273E36 /* Debug */,
				31EE2B911D2CB6CB00273E36 /* Release */,
			);
			defaultConfigurationIsVisible = 0;
		};
		31EE2B921D2CB6CB00273E36 /* Build configuration list for PBXNativeTarget "BRTableViewAnimationUITests" */ = {
			isa = XCConfigurationList;
			buildConfigurations = (
				31EE2B931D2CB6CB00273E36 /* Debug */,
				31EE2B941D2CB6CB00273E36 /* Release */,
			);
			defaultConfigurationIsVisible = 0;
		};
/* End XCConfigurationList section */
	};
	rootObject = 31EE2B5C1D2CB6CB00273E36 /* Project object */;
}
